// !$*UTF8*$!
{
	archiveVersion = 1;
	classes = {
	};
	objectVersion = 52;
	objects = {

/* Begin PBXBuildFile section */
		D513D19626376A810088B764 /* GoogleService-Info.plist in Resources */ = {isa = PBXBuildFile; fileRef = D513D19526376A810088B764 /* GoogleService-Info.plist */; };
		D514B22F26531001004AD0AA /* CodeScanner in Frameworks */ = {isa = PBXBuildFile; productRef = D514B22E26531001004AD0AA /* CodeScanner */; };
		D53907032636149A009BFA53 /* PillQuipoApp.swift in Sources */ = {isa = PBXBuildFile; fileRef = D53907022636149A009BFA53 /* PillQuipoApp.swift */; };
		D53907052636149A009BFA53 /* ContentView.swift in Sources */ = {isa = PBXBuildFile; fileRef = D53907042636149A009BFA53 /* ContentView.swift */; };
		D53907072636149C009BFA53 /* Assets.xcassets in Resources */ = {isa = PBXBuildFile; fileRef = D53907062636149C009BFA53 /* Assets.xcassets */; };
		D539070A2636149C009BFA53 /* Preview Assets.xcassets in Resources */ = {isa = PBXBuildFile; fileRef = D53907092636149C009BFA53 /* Preview Assets.xcassets */; };
		D539070C2636149C009BFA53 /* Persistence.swift in Sources */ = {isa = PBXBuildFile; fileRef = D539070B2636149C009BFA53 /* Persistence.swift */; };
		D5390718263614FF009BFA53 /* AddPillView.swift in Sources */ = {isa = PBXBuildFile; fileRef = D5390717263614FF009BFA53 /* AddPillView.swift */; };
		D539071D2636150C009BFA53 /* ListView.swift in Sources */ = {isa = PBXBuildFile; fileRef = D539071A2636150C009BFA53 /* ListView.swift */; };
		D539071E2636150C009BFA53 /* UserInfoView.swift in Sources */ = {isa = PBXBuildFile; fileRef = D539071B2636150C009BFA53 /* UserInfoView.swift */; };
		D539071F2636150C009BFA53 /* CalendarView.swift in Sources */ = {isa = PBXBuildFile; fileRef = D539071C2636150C009BFA53 /* CalendarView.swift */; };
		D539072226361514009BFA53 /* MainListView.swift in Sources */ = {isa = PBXBuildFile; fileRef = D539072126361514009BFA53 /* MainListView.swift */; };
		D539072526361521009BFA53 /* GoogleService-Info.plist in Resources */ = {isa = PBXBuildFile; fileRef = D539072426361521009BFA53 /* GoogleService-Info.plist */; };
		D53907282636152B009BFA53 /* EmptyListView.swift in Sources */ = {isa = PBXBuildFile; fileRef = D53907272636152B009BFA53 /* EmptyListView.swift */; };
		D539072C26361532009BFA53 /* MainTabView.swift in Sources */ = {isa = PBXBuildFile; fileRef = D539072A26361532009BFA53 /* MainTabView.swift */; };
		D539072D26361532009BFA53 /* LoadingView.swift in Sources */ = {isa = PBXBuildFile; fileRef = D539072B26361532009BFA53 /* LoadingView.swift */; };
		D54DDD7E26581655002FEC19 /* SavingModel.swift in Sources */ = {isa = PBXBuildFile; fileRef = D54DDD7D26581655002FEC19 /* SavingModel.swift */; };
		D55155902653DA80003EEF33 /* LaunchView.swift in Sources */ = {isa = PBXBuildFile; fileRef = D551558F2653DA80003EEF33 /* LaunchView.swift */; };
		D56A060026361E89008CB1E1 /* MedicationModel.swift in Sources */ = {isa = PBXBuildFile; fileRef = D56A05FF26361E89008CB1E1 /* MedicationModel.swift */; };
		D56A060126361E89008CB1E1 /* ModelData.swift in Sources */ = {isa = PBXBuildFile; fileRef = D56A05FE26361E88008CB1E1 /* ModelData.swift */; };
		D586733526443BC700F79806 /* FullListView.swift in Sources */ = {isa = PBXBuildFile; fileRef = D586733426443BC700F79806 /* FullListView.swift */; };
		D5C77F4F263862D600095058 /* TextAlertView.swift in Sources */ = {isa = PBXBuildFile; fileRef = D5C77F4E263862D600095058 /* TextAlertView.swift */; };
		D5E3D325267A67D100224C91 /* PillQuipo.xcdatamodeld in Sources */ = {isa = PBXBuildFile; fileRef = D5E3D323267A67D100224C91 /* PillQuipo.xcdatamodeld */; };
		D5F501DB2638B248001EC750 /* CoreDataModel.swift in Sources */ = {isa = PBXBuildFile; fileRef = D5F501DA2638B248001EC750 /* CoreDataModel.swift */; };
		D5F501DE2638B384001EC750 /* CoreDataViewModel.swift in Sources */ = {isa = PBXBuildFile; fileRef = D5F501DD2638B384001EC750 /* CoreDataViewModel.swift */; };
		FF6B58A0567C8DAF4FEB42DB /* Pods_PillQuipo.framework in Frameworks */ = {isa = PBXBuildFile; fileRef = 002524D3A0B8C0F4DE199828 /* Pods_PillQuipo.framework */; };
/* End PBXBuildFile section */

/* Begin PBXFileReference section */
		002524D3A0B8C0F4DE199828 /* Pods_PillQuipo.framework */ = {isa = PBXFileReference; explicitFileType = wrapper.framework; includeInIndex = 0; path = Pods_PillQuipo.framework; sourceTree = BUILT_PRODUCTS_DIR; };
		22D5A68D8EB0057EBE2FD1C2 /* Pods-PillQuipo.debug.xcconfig */ = {isa = PBXFileReference; includeInIndex = 1; lastKnownFileType = text.xcconfig; name = "Pods-PillQuipo.debug.xcconfig"; path = "Target Support Files/Pods-PillQuipo/Pods-PillQuipo.debug.xcconfig"; sourceTree = "<group>"; };
		2B7358566B5D19652316D92B /* Pods-PillQuipo.release.xcconfig */ = {isa = PBXFileReference; includeInIndex = 1; lastKnownFileType = text.xcconfig; name = "Pods-PillQuipo.release.xcconfig"; path = "Target Support Files/Pods-PillQuipo/Pods-PillQuipo.release.xcconfig"; sourceTree = "<group>"; };
		D513D19526376A810088B764 /* GoogleService-Info.plist */ = {isa = PBXFileReference; fileEncoding = 4; lastKnownFileType = text.plist.xml; path = "GoogleService-Info.plist"; sourceTree = "<group>"; };
		D53906FF2636149A009BFA53 /* PillQuipo.app */ = {isa = PBXFileReference; explicitFileType = wrapper.application; includeInIndex = 0; path = PillQuipo.app; sourceTree = BUILT_PRODUCTS_DIR; };
		D53907022636149A009BFA53 /* PillQuipoApp.swift */ = {isa = PBXFileReference; lastKnownFileType = sourcecode.swift; path = PillQuipoApp.swift; sourceTree = "<group>"; };
		D53907042636149A009BFA53 /* ContentView.swift */ = {isa = PBXFileReference; lastKnownFileType = sourcecode.swift; path = ContentView.swift; sourceTree = "<group>"; };
		D53907062636149C009BFA53 /* Assets.xcassets */ = {isa = PBXFileReference; lastKnownFileType = folder.assetcatalog; path = Assets.xcassets; sourceTree = "<group>"; };
		D53907092636149C009BFA53 /* Preview Assets.xcassets */ = {isa = PBXFileReference; lastKnownFileType = folder.assetcatalog; path = "Preview Assets.xcassets"; sourceTree = "<group>"; };
		D539070B2636149C009BFA53 /* Persistence.swift */ = {isa = PBXFileReference; lastKnownFileType = sourcecode.swift; path = Persistence.swift; sourceTree = "<group>"; };
		D53907102636149C009BFA53 /* Info.plist */ = {isa = PBXFileReference; lastKnownFileType = text.plist.xml; path = Info.plist; sourceTree = "<group>"; };
		D5390717263614FF009BFA53 /* AddPillView.swift */ = {isa = PBXFileReference; fileEncoding = 4; lastKnownFileType = sourcecode.swift; path = AddPillView.swift; sourceTree = "<group>"; };
		D539071A2636150C009BFA53 /* ListView.swift */ = {isa = PBXFileReference; fileEncoding = 4; lastKnownFileType = sourcecode.swift; path = ListView.swift; sourceTree = "<group>"; };
		D539071B2636150C009BFA53 /* UserInfoView.swift */ = {isa = PBXFileReference; fileEncoding = 4; lastKnownFileType = sourcecode.swift; path = UserInfoView.swift; sourceTree = "<group>"; };
		D539071C2636150C009BFA53 /* CalendarView.swift */ = {isa = PBXFileReference; fileEncoding = 4; lastKnownFileType = sourcecode.swift; path = CalendarView.swift; sourceTree = "<group>"; };
		D539072126361514009BFA53 /* MainListView.swift */ = {isa = PBXFileReference; fileEncoding = 4; lastKnownFileType = sourcecode.swift; path = MainListView.swift; sourceTree = "<group>"; };
		D539072426361521009BFA53 /* GoogleService-Info.plist */ = {isa = PBXFileReference; fileEncoding = 4; lastKnownFileType = text.plist.xml; path = "GoogleService-Info.plist"; sourceTree = "<group>"; };
		D53907272636152B009BFA53 /* EmptyListView.swift */ = {isa = PBXFileReference; fileEncoding = 4; lastKnownFileType = sourcecode.swift; path = EmptyListView.swift; sourceTree = "<group>"; };
		D539072A26361532009BFA53 /* MainTabView.swift */ = {isa = PBXFileReference; fileEncoding = 4; lastKnownFileType = sourcecode.swift; path = MainTabView.swift; sourceTree = "<group>"; };
		D539072B26361532009BFA53 /* LoadingView.swift */ = {isa = PBXFileReference; fileEncoding = 4; lastKnownFileType = sourcecode.swift; path = LoadingView.swift; sourceTree = "<group>"; };
		D54DDD7D26581655002FEC19 /* SavingModel.swift */ = {isa = PBXFileReference; lastKnownFileType = sourcecode.swift; path = SavingModel.swift; sourceTree = "<group>"; };
		D551558F2653DA80003EEF33 /* LaunchView.swift */ = {isa = PBXFileReference; lastKnownFileType = sourcecode.swift; path = LaunchView.swift; sourceTree = "<group>"; };
		D56A05F526361DDA008CB1E1 /* Karla-Light.ttf */ = {isa = PBXFileReference; lastKnownFileType = file; path = "Karla-Light.ttf"; sourceTree = "<group>"; };
		D56A05F726361DE9008CB1E1 /* Karla-Bold.ttf */ = {isa = PBXFileReference; lastKnownFileType = file; path = "Karla-Bold.ttf"; sourceTree = "<group>"; };
		D56A05F926361DEC008CB1E1 /* Karla-Regular.ttf */ = {isa = PBXFileReference; lastKnownFileType = file; path = "Karla-Regular.ttf"; sourceTree = "<group>"; };
		D56A05FA26361DEF008CB1E1 /* Karla-Medium.ttf */ = {isa = PBXFileReference; lastKnownFileType = file; path = "Karla-Medium.ttf"; sourceTree = "<group>"; };
		D56A05FB26361DF1008CB1E1 /* Karla-SemiBold.ttf */ = {isa = PBXFileReference; lastKnownFileType = file; path = "Karla-SemiBold.ttf"; sourceTree = "<group>"; };
		D56A05FE26361E88008CB1E1 /* ModelData.swift */ = {isa = PBXFileReference; lastKnownFileType = sourcecode.swift; path = ModelData.swift; sourceTree = "<group>"; };
		D56A05FF26361E89008CB1E1 /* MedicationModel.swift */ = {isa = PBXFileReference; lastKnownFileType = sourcecode.swift; path = MedicationModel.swift; sourceTree = "<group>"; };
		D586733426443BC700F79806 /* FullListView.swift */ = {isa = PBXFileReference; lastKnownFileType = sourcecode.swift; path = FullListView.swift; sourceTree = "<group>"; };
		D5C77F4E263862D600095058 /* TextAlertView.swift */ = {isa = PBXFileReference; lastKnownFileType = sourcecode.swift; path = TextAlertView.swift; sourceTree = "<group>"; };
		D5E3D324267A67D100224C91 /* Model.xcdatamodel */ = {isa = PBXFileReference; lastKnownFileType = wrapper.xcdatamodel; path = Model.xcdatamodel; sourceTree = "<group>"; };
		D5F501DA2638B248001EC750 /* CoreDataModel.swift */ = {isa = PBXFileReference; lastKnownFileType = sourcecode.swift; path = CoreDataModel.swift; sourceTree = "<group>"; };
		D5F501DD2638B384001EC750 /* CoreDataViewModel.swift */ = {isa = PBXFileReference; lastKnownFileType = sourcecode.swift; path = CoreDataViewModel.swift; sourceTree = "<group>"; };
/* End PBXFileReference section */

/* Begin PBXFrameworksBuildPhase section */
		D53906FC2636149A009BFA53 /* Frameworks */ = {
			isa = PBXFrameworksBuildPhase;
			buildActionMask = 2147483647;
			files = (
				D514B22F26531001004AD0AA /* CodeScanner in Frameworks */,
				FF6B58A0567C8DAF4FEB42DB /* Pods_PillQuipo.framework in Frameworks */,
			);
			runOnlyForDeploymentPostprocessing = 0;
		};
/* End PBXFrameworksBuildPhase section */

/* Begin PBXGroup section */
		387F6DACF49A79A652143FF4 /* Pods */ = {
			isa = PBXGroup;
			children = (
				22D5A68D8EB0057EBE2FD1C2 /* Pods-PillQuipo.debug.xcconfig */,
				2B7358566B5D19652316D92B /* Pods-PillQuipo.release.xcconfig */,
			);
			path = Pods;
			sourceTree = "<group>";
		};
		53B517969E32E20CA5835865 /* Frameworks */ = {
			isa = PBXGroup;
			children = (
				002524D3A0B8C0F4DE199828 /* Pods_PillQuipo.framework */,
			);
			name = Frameworks;
			sourceTree = "<group>";
		};
		D53906F62636149A009BFA53 = {
			isa = PBXGroup;
			children = (
				D53907012636149A009BFA53 /* PillQuipo */,
				D53907002636149A009BFA53 /* Products */,
				387F6DACF49A79A652143FF4 /* Pods */,
				53B517969E32E20CA5835865 /* Frameworks */,
			);
			sourceTree = "<group>";
		};
		D53907002636149A009BFA53 /* Products */ = {
			isa = PBXGroup;
			children = (
				D53906FF2636149A009BFA53 /* PillQuipo.app */,
			);
			name = Products;
			sourceTree = "<group>";
		};
		D53907012636149A009BFA53 /* PillQuipo */ = {
			isa = PBXGroup;
			children = (
				D55EDCFE26369CDE000A4BC0 /* Model */,
				D56A05F226361DB2008CB1E1 /* Font */,
				D53907022636149A009BFA53 /* PillQuipoApp.swift */,
				D53907062636149C009BFA53 /* Assets.xcassets */,
				D53907042636149A009BFA53 /* ContentView.swift */,
				D551558F2653DA80003EEF33 /* LaunchView.swift */,
				D539071C2636150C009BFA53 /* CalendarView.swift */,
				D539071A2636150C009BFA53 /* ListView.swift */,
				D5E3D323267A67D100224C91 /* PillQuipo.xcdatamodeld */,
				D513D19526376A810088B764 /* GoogleService-Info.plist */,
				D539072126361514009BFA53 /* MainListView.swift */,
				D539072426361521009BFA53 /* GoogleService-Info.plist */,
				D539071B2636150C009BFA53 /* UserInfoView.swift */,
				D586733426443BC700F79806 /* FullListView.swift */,
				D5C77F4E263862D600095058 /* TextAlertView.swift */,
				D53907272636152B009BFA53 /* EmptyListView.swift */,
				D539072B26361532009BFA53 /* LoadingView.swift */,
				D539072A26361532009BFA53 /* MainTabView.swift */,
				D5390717263614FF009BFA53 /* AddPillView.swift */,
				D539070B2636149C009BFA53 /* Persistence.swift */,
				D53907102636149C009BFA53 /* Info.plist */,
				D53907082636149C009BFA53 /* Preview Content */,
			);
			path = PillQuipo;
			sourceTree = "<group>";
		};
		D53907082636149C009BFA53 /* Preview Content */ = {
			isa = PBXGroup;
			children = (
				D53907092636149C009BFA53 /* Preview Assets.xcassets */,
			);
			path = "Preview Content";
			sourceTree = "<group>";
		};
		D55EDCFE26369CDE000A4BC0 /* Model */ = {
			isa = PBXGroup;
			children = (
				D56A05FF26361E89008CB1E1 /* MedicationModel.swift */,
				D54DDD7D26581655002FEC19 /* SavingModel.swift */,
				D56A05FE26361E88008CB1E1 /* ModelData.swift */,
				D5F501DA2638B248001EC750 /* CoreDataModel.swift */,
				D5F501DD2638B384001EC750 /* CoreDataViewModel.swift */,
			);
			path = Model;
			sourceTree = "<group>";
		};
		D56A05F226361DB2008CB1E1 /* Font */ = {
			isa = PBXGroup;
			children = (
				D56A05F526361DDA008CB1E1 /* Karla-Light.ttf */,
				D56A05F726361DE9008CB1E1 /* Karla-Bold.ttf */,
				D56A05FA26361DEF008CB1E1 /* Karla-Medium.ttf */,
				D56A05F926361DEC008CB1E1 /* Karla-Regular.ttf */,
				D56A05FB26361DF1008CB1E1 /* Karla-SemiBold.ttf */,
			);
			path = Font;
			sourceTree = "<group>";
		};
/* End PBXGroup section */

/* Begin PBXNativeTarget section */
		D53906FE2636149A009BFA53 /* PillQuipo */ = {
			isa = PBXNativeTarget;
			buildConfigurationList = D53907132636149C009BFA53 /* Build configuration list for PBXNativeTarget "PillQuipo" */;
			buildPhases = (
				08396227552833C58A556BE5 /* [CP] Check Pods Manifest.lock */,
				D53906FB2636149A009BFA53 /* Sources */,
				D53906FC2636149A009BFA53 /* Frameworks */,
				D53906FD2636149A009BFA53 /* Resources */,
				31EBA16562174F5CDE01D492 /* [CP] Embed Pods Frameworks */,
			);
			buildRules = (
			);
			dependencies = (
			);
			name = PillQuipo;
			packageProductDependencies = (
				D514B22E26531001004AD0AA /* CodeScanner */,
			);
			productName = PillQuipo;
			productReference = D53906FF2636149A009BFA53 /* PillQuipo.app */;
			productType = "com.apple.product-type.application";
		};
/* End PBXNativeTarget section */

/* Begin PBXProject section */
		D53906F72636149A009BFA53 /* Project object */ = {
			isa = PBXProject;
			attributes = {
				LastSwiftUpdateCheck = 1240;
				LastUpgradeCheck = 1240;
				TargetAttributes = {
					D53906FE2636149A009BFA53 = {
						CreatedOnToolsVersion = 12.4;
					};
				};
			};
			buildConfigurationList = D53906FA2636149A009BFA53 /* Build configuration list for PBXProject "PillQuipo" */;
			compatibilityVersion = "Xcode 9.3";
			developmentRegion = en;
			hasScannedForEncodings = 0;
			knownRegions = (
				en,
				Base,
			);
			mainGroup = D53906F62636149A009BFA53;
			packageReferences = (
				D539077026361CFF009BFA53 /* XCRemoteSwiftPackageReference "CodeScanner" */,
			);
			productRefGroup = D53907002636149A009BFA53 /* Products */;
			projectDirPath = "";
			projectRoot = "";
			targets = (
				D53906FE2636149A009BFA53 /* PillQuipo */,
			);
		};
/* End PBXProject section */

/* Begin PBXResourcesBuildPhase section */
		D53906FD2636149A009BFA53 /* Resources */ = {
			isa = PBXResourcesBuildPhase;
			buildActionMask = 2147483647;
			files = (
				D539070A2636149C009BFA53 /* Preview Assets.xcassets in Resources */,
				D53907072636149C009BFA53 /* Assets.xcassets in Resources */,
				D513D19626376A810088B764 /* GoogleService-Info.plist in Resources */,
				D539072526361521009BFA53 /* GoogleService-Info.plist in Resources */,
			);
			runOnlyForDeploymentPostprocessing = 0;
		};
/* End PBXResourcesBuildPhase section */

/* Begin PBXShellScriptBuildPhase section */
		08396227552833C58A556BE5 /* [CP] Check Pods Manifest.lock */ = {
			isa = PBXShellScriptBuildPhase;
			buildActionMask = 2147483647;
			files = (
			);
			inputFileListPaths = (
			);
			inputPaths = (
				"${PODS_PODFILE_DIR_PATH}/Podfile.lock",
				"${PODS_ROOT}/Manifest.lock",
			);
			name = "[CP] Check Pods Manifest.lock";
			outputFileListPaths = (
			);
			outputPaths = (
				"$(DERIVED_FILE_DIR)/Pods-PillQuipo-checkManifestLockResult.txt",
			);
			runOnlyForDeploymentPostprocessing = 0;
			shellPath = /bin/sh;
			shellScript = "diff \"${PODS_PODFILE_DIR_PATH}/Podfile.lock\" \"${PODS_ROOT}/Manifest.lock\" > /dev/null\nif [ $? != 0 ] ; then\n    # print error to STDERR\n    echo \"error: The sandbox is not in sync with the Podfile.lock. Run 'pod install' or update your CocoaPods installation.\" >&2\n    exit 1\nfi\n# This output is used by Xcode 'outputs' to avoid re-running this script phase.\necho \"SUCCESS\" > \"${SCRIPT_OUTPUT_FILE_0}\"\n";
			showEnvVarsInLog = 0;
		};
		31EBA16562174F5CDE01D492 /* [CP] Embed Pods Frameworks */ = {
			isa = PBXShellScriptBuildPhase;
			buildActionMask = 2147483647;
			files = (
			);
			inputFileListPaths = (
				"${PODS_ROOT}/Target Support Files/Pods-PillQuipo/Pods-PillQuipo-frameworks-${CONFIGURATION}-input-files.xcfilelist",
			);
			name = "[CP] Embed Pods Frameworks";
			outputFileListPaths = (
				"${PODS_ROOT}/Target Support Files/Pods-PillQuipo/Pods-PillQuipo-frameworks-${CONFIGURATION}-output-files.xcfilelist",
			);
			runOnlyForDeploymentPostprocessing = 0;
			shellPath = /bin/sh;
			shellScript = "\"${PODS_ROOT}/Target Support Files/Pods-PillQuipo/Pods-PillQuipo-frameworks.sh\"\n";
			showEnvVarsInLog = 0;
		};
/* End PBXShellScriptBuildPhase section */

/* Begin PBXSourcesBuildPhase section */
		D53906FB2636149A009BFA53 /* Sources */ = {
			isa = PBXSourcesBuildPhase;
			buildActionMask = 2147483647;
			files = (
				D5390718263614FF009BFA53 /* AddPillView.swift in Sources */,
				D5F501DE2638B384001EC750 /* CoreDataViewModel.swift in Sources */,
				D539071E2636150C009BFA53 /* UserInfoView.swift in Sources */,
				D539071F2636150C009BFA53 /* CalendarView.swift in Sources */,
				D56A060026361E89008CB1E1 /* MedicationModel.swift in Sources */,
				D54DDD7E26581655002FEC19 /* SavingModel.swift in Sources */,
				D539070C2636149C009BFA53 /* Persistence.swift in Sources */,
				D53907282636152B009BFA53 /* EmptyListView.swift in Sources */,
				D5F501DB2638B248001EC750 /* CoreDataModel.swift in Sources */,
				D5C77F4F263862D600095058 /* TextAlertView.swift in Sources */,
				D539072D26361532009BFA53 /* LoadingView.swift in Sources */,
				D55155902653DA80003EEF33 /* LaunchView.swift in Sources */,
				D539072C26361532009BFA53 /* MainTabView.swift in Sources */,
				D5E3D325267A67D100224C91 /* PillQuipo.xcdatamodeld in Sources */,
				D539072226361514009BFA53 /* MainListView.swift in Sources */,
				D539071D2636150C009BFA53 /* ListView.swift in Sources */,
				D586733526443BC700F79806 /* FullListView.swift in Sources */,
				D53907052636149A009BFA53 /* ContentView.swift in Sources */,
				D53907032636149A009BFA53 /* PillQuipoApp.swift in Sources */,
				D56A060126361E89008CB1E1 /* ModelData.swift in Sources */,
			);
			runOnlyForDeploymentPostprocessing = 0;
		};
/* End PBXSourcesBuildPhase section */

/* Begin XCBuildConfiguration section */
		D53907112636149C009BFA53 /* Debug */ = {
			isa = XCBuildConfiguration;
			buildSettings = {
				ALWAYS_SEARCH_USER_PATHS = NO;
				CLANG_ANALYZER_NONNULL = YES;
				CLANG_ANALYZER_NUMBER_OBJECT_CONVERSION = YES_AGGRESSIVE;
				CLANG_CXX_LANGUAGE_STANDARD = "gnu++14";
				CLANG_CXX_LIBRARY = "libc++";
				CLANG_ENABLE_MODULES = YES;
				CLANG_ENABLE_OBJC_ARC = YES;
				CLANG_ENABLE_OBJC_WEAK = YES;
				CLANG_WARN_BLOCK_CAPTURE_AUTORELEASING = YES;
				CLANG_WARN_BOOL_CONVERSION = YES;
				CLANG_WARN_COMMA = YES;
				CLANG_WARN_CONSTANT_CONVERSION = YES;
				CLANG_WARN_DEPRECATED_OBJC_IMPLEMENTATIONS = YES;
				CLANG_WARN_DIRECT_OBJC_ISA_USAGE = YES_ERROR;
				CLANG_WARN_DOCUMENTATION_COMMENTS = YES;
				CLANG_WARN_EMPTY_BODY = YES;
				CLANG_WARN_ENUM_CONVERSION = YES;
				CLANG_WARN_INFINITE_RECURSION = YES;
				CLANG_WARN_INT_CONVERSION = YES;
				CLANG_WARN_NON_LITERAL_NULL_CONVERSION = YES;
				CLANG_WARN_OBJC_IMPLICIT_RETAIN_SELF = YES;
				CLANG_WARN_OBJC_LITERAL_CONVERSION = YES;
				CLANG_WARN_OBJC_ROOT_CLASS = YES_ERROR;
				CLANG_WARN_QUOTED_INCLUDE_IN_FRAMEWORK_HEADER = YES;
				CLANG_WARN_RANGE_LOOP_ANALYSIS = YES;
				CLANG_WARN_STRICT_PROTOTYPES = YES;
				CLANG_WARN_SUSPICIOUS_MOVE = YES;
				CLANG_WARN_UNGUARDED_AVAILABILITY = YES_AGGRESSIVE;
				CLANG_WARN_UNREACHABLE_CODE = YES;
				CLANG_WARN__DUPLICATE_METHOD_MATCH = YES;
				COPY_PHASE_STRIP = NO;
				DEBUG_INFORMATION_FORMAT = dwarf;
				ENABLE_STRICT_OBJC_MSGSEND = YES;
				ENABLE_TESTABILITY = YES;
				GCC_C_LANGUAGE_STANDARD = gnu11;
				GCC_DYNAMIC_NO_PIC = NO;
				GCC_NO_COMMON_BLOCKS = YES;
				GCC_OPTIMIZATION_LEVEL = 0;
				GCC_PREPROCESSOR_DEFINITIONS = (
					"DEBUG=1",
					"$(inherited)",
				);
				GCC_WARN_64_TO_32_BIT_CONVERSION = YES;
				GCC_WARN_ABOUT_RETURN_TYPE = YES_ERROR;
				GCC_WARN_UNDECLARED_SELECTOR = YES;
				GCC_WARN_UNINITIALIZED_AUTOS = YES_AGGRESSIVE;
				GCC_WARN_UNUSED_FUNCTION = YES;
				GCC_WARN_UNUSED_VARIABLE = YES;
				IPHONEOS_DEPLOYMENT_TARGET = 14.4;
				MTL_ENABLE_DEBUG_INFO = INCLUDE_SOURCE;
				MTL_FAST_MATH = YES;
				ONLY_ACTIVE_ARCH = YES;
				SDKROOT = iphoneos;
				SWIFT_ACTIVE_COMPILATION_CONDITIONS = DEBUG;
				SWIFT_OPTIMIZATION_LEVEL = "-Onone";
			};
			name = Debug;
		};
		D53907122636149C009BFA53 /* Release */ = {
			isa = XCBuildConfiguration;
			buildSettings = {
				ALWAYS_SEARCH_USER_PATHS = NO;
				CLANG_ANALYZER_NONNULL = YES;
				CLANG_ANALYZER_NUMBER_OBJECT_CONVERSION = YES_AGGRESSIVE;
				CLANG_CXX_LANGUAGE_STANDARD = "gnu++14";
				CLANG_CXX_LIBRARY = "libc++";
				CLANG_ENABLE_MODULES = YES;
				CLANG_ENABLE_OBJC_ARC = YES;
				CLANG_ENABLE_OBJC_WEAK = YES;
				CLANG_WARN_BLOCK_CAPTURE_AUTORELEASING = YES;
				CLANG_WARN_BOOL_CONVERSION = YES;
				CLANG_WARN_COMMA = YES;
				CLANG_WARN_CONSTANT_CONVERSION = YES;
				CLANG_WARN_DEPRECATED_OBJC_IMPLEMENTATIONS = YES;
				CLANG_WARN_DIRECT_OBJC_ISA_USAGE = YES_ERROR;
				CLANG_WARN_DOCUMENTATION_COMMENTS = YES;
				CLANG_WARN_EMPTY_BODY = YES;
				CLANG_WARN_ENUM_CONVERSION = YES;
				CLANG_WARN_INFINITE_RECURSION = YES;
				CLANG_WARN_INT_CONVERSION = YES;
				CLANG_WARN_NON_LITERAL_NULL_CONVERSION = YES;
				CLANG_WARN_OBJC_IMPLICIT_RETAIN_SELF = YES;
				CLANG_WARN_OBJC_LITERAL_CONVERSION = YES;
				CLANG_WARN_OBJC_ROOT_CLASS = YES_ERROR;
				CLANG_WARN_QUOTED_INCLUDE_IN_FRAMEWORK_HEADER = YES;
				CLANG_WARN_RANGE_LOOP_ANALYSIS = YES;
				CLANG_WARN_STRICT_PROTOTYPES = YES;
				CLANG_WARN_SUSPICIOUS_MOVE = YES;
				CLANG_WARN_UNGUARDED_AVAILABILITY = YES_AGGRESSIVE;
				CLANG_WARN_UNREACHABLE_CODE = YES;
				CLANG_WARN__DUPLICATE_METHOD_MATCH = YES;
				COPY_PHASE_STRIP = NO;
				DEBUG_INFORMATION_FORMAT = "dwarf-with-dsym";
				ENABLE_NS_ASSERTIONS = NO;
				ENABLE_STRICT_OBJC_MSGSEND = YES;
				GCC_C_LANGUAGE_STANDARD = gnu11;
				GCC_NO_COMMON_BLOCKS = YES;
				GCC_WARN_64_TO_32_BIT_CONVERSION = YES;
				GCC_WARN_ABOUT_RETURN_TYPE = YES_ERROR;
				GCC_WARN_UNDECLARED_SELECTOR = YES;
				GCC_WARN_UNINITIALIZED_AUTOS = YES_AGGRESSIVE;
				GCC_WARN_UNUSED_FUNCTION = YES;
				GCC_WARN_UNUSED_VARIABLE = YES;
				IPHONEOS_DEPLOYMENT_TARGET = 14.4;
				MTL_ENABLE_DEBUG_INFO = NO;
				MTL_FAST_MATH = YES;
				SDKROOT = iphoneos;
				SWIFT_COMPILATION_MODE = wholemodule;
				SWIFT_OPTIMIZATION_LEVEL = "-O";
				VALIDATE_PRODUCT = YES;
			};
			name = Release;
		};
		D53907142636149C009BFA53 /* Debug */ = {
			isa = XCBuildConfiguration;
			baseConfigurationReference = 22D5A68D8EB0057EBE2FD1C2 /* Pods-PillQuipo.debug.xcconfig */;
			buildSettings = {
				ASSETCATALOG_COMPILER_APPICON_NAME = AppIcon;
				ASSETCATALOG_COMPILER_GLOBAL_ACCENT_COLOR_NAME = AccentColor;
				CODE_SIGN_STYLE = Automatic;
				DEVELOPMENT_ASSET_PATHS = "\"PillQuipo/Preview Content\"";
				DEVELOPMENT_TEAM = WSTWL4B246;
				ENABLE_PREVIEWS = YES;
				INFOPLIST_FILE = PillQuipo/Info.plist;
				IPHONEOS_DEPLOYMENT_TARGET = 14.0;
				LD_RUNPATH_SEARCH_PATHS = (
					"$(inherited)",
					"@executable_path/Frameworks",
				);
				PRODUCT_BUNDLE_IDENTIFIER = dariavarabei.PillQuipo1;
				PRODUCT_NAME = "$(TARGET_NAME)";
				SWIFT_VERSION = 5.0;
				TARGETED_DEVICE_FAMILY = "1,2";
			};
			name = Debug;
		};
		D53907152636149C009BFA53 /* Release */ = {
			isa = XCBuildConfiguration;
			baseConfigurationReference = 2B7358566B5D19652316D92B /* Pods-PillQuipo.release.xcconfig */;
			buildSettings = {
				ASSETCATALOG_COMPILER_APPICON_NAME = AppIcon;
				ASSETCATALOG_COMPILER_GLOBAL_ACCENT_COLOR_NAME = AccentColor;
				CODE_SIGN_STYLE = Automatic;
				DEVELOPMENT_ASSET_PATHS = "\"PillQuipo/Preview Content\"";
				DEVELOPMENT_TEAM = WSTWL4B246;
				ENABLE_PREVIEWS = YES;
				INFOPLIST_FILE = PillQuipo/Info.plist;
				IPHONEOS_DEPLOYMENT_TARGET = 14.0;
				LD_RUNPATH_SEARCH_PATHS = (
					"$(inherited)",
					"@executable_path/Frameworks",
				);
				PRODUCT_BUNDLE_IDENTIFIER = dariavarabei.pillQuipo;
				PRODUCT_NAME = "$(TARGET_NAME)";
				SWIFT_VERSION = 5.0;
				TARGETED_DEVICE_FAMILY = "1,2";
			};
			name = Release;
		};
/* End XCBuildConfiguration section */

/* Begin XCConfigurationList section */
		D53906FA2636149A009BFA53 /* Build configuration list for PBXProject "PillQuipo" */ = {
			isa = XCConfigurationList;
			buildConfigurations = (
				D53907112636149C009BFA53 /* Debug */,
				D53907122636149C009BFA53 /* Release */,
			);
			defaultConfigurationIsVisible = 0;
			defaultConfigurationName = Release;
		};
		D53907132636149C009BFA53 /* Build configuration list for PBXNativeTarget "PillQuipo" */ = {
			isa = XCConfigurationList;
			buildConfigurations = (
				D53907142636149C009BFA53 /* Debug */,
				D53907152636149C009BFA53 /* Release */,
			);
			defaultConfigurationIsVisible = 0;
			defaultConfigurationName = Release;
		};
/* End XCConfigurationList section */

/* Begin XCRemoteSwiftPackageReference section */
		D539077026361CFF009BFA53 /* XCRemoteSwiftPackageReference "CodeScanner" */ = {
			isa = XCRemoteSwiftPackageReference;
			repositoryURL = "https://github.com/twostraws/CodeScanner";
			requirement = {
				kind = upToNextMajorVersion;
				minimumVersion = 1.0.7;
			};
		};
/* End XCRemoteSwiftPackageReference section */

/* Begin XCSwiftPackageProductDependency section */
		D514B22E26531001004AD0AA /* CodeScanner */ = {
			isa = XCSwiftPackageProductDependency;
			package = D539077026361CFF009BFA53 /* XCRemoteSwiftPackageReference "CodeScanner" */;
			productName = CodeScanner;
		};
/* End XCSwiftPackageProductDependency section */

/* Begin XCVersionGroup section */
		D5E3D323267A67D100224C91 /* PillQuipo.xcdatamodeld */ = {
			isa = XCVersionGroup;
			children = (
				D5E3D324267A67D100224C91 /* Model.xcdatamodel */,
			);
			currentVersion = D5E3D324267A67D100224C91 /* Model.xcdatamodel */;
			path = PillQuipo.xcdatamodeld;
			sourceTree = "<group>";
			versionGroupType = wrapper.xcdatamodel;
		};
/* End XCVersionGroup section */
	};
	rootObject = D53906F72636149A009BFA53 /* Project object */;
}
